
Microsoft Visual Studio Solution File, Format Version 11.00
# Visual Studio 2010
Project("{FAE04EC0-301F-11D3-BF4B-00C04F79EFBC}") = "Assembly-CSharp", "Assembly-CSharp.csproj", "{48CF1577-C6DA-8723-FB13-AFFD125015FB}"
EndProject
Project("{FAE04EC0-301F-11D3-BF4B-00C04F79EFBC}") = "VuforiaScripts", "VuforiaScripts.csproj", "{EA008336-AA4C-3E8B-A9AA-FA41AE77F545}"
EndProject
Project("{FAE04EC0-301F-11D3-BF4B-00C04F79EFBC}") = "VuforiaEditorScripts", "VuforiaEditorScripts.csproj", "{7C97588B-BF77-2F28-B1DF-F08ACA3C6B73}"
EndProject
Global
	GlobalSection(SolutionConfigurationPlatforms) = preSolution
		Debug|Any CPU = Debug|Any CPU
		Release|Any CPU = Release|Any CPU
	EndGlobalSection
	GlobalSection(ProjectConfigurationPlatforms) = postSolution
		{48CF1577-C6DA-8723-FB13-AFFD125015FB}.Debug|Any CPU.ActiveCfg = Debug|Any CPU
		{48CF1577-C6DA-8723-FB13-AFFD125015FB}.Debug|Any CPU.Build.0 = Debug|Any CPU
		{48CF1577-C6DA-8723-FB13-AFFD125015FB}.Release|Any CPU.ActiveCfg = Release|Any CPU
		{48CF1577-C6DA-8723-FB13-AFFD125015FB}.Release|Any CPU.Build.0 = Release|Any CPU
		{EA008336-AA4C-3E8B-A9AA-FA41AE77F545}.Debug|Any CPU.ActiveCfg = Debug|Any CPU
		{EA008336-AA4C-3E8B-A9AA-FA41AE77F545}.Debug|Any CPU.Build.0 = Debug|Any CPU
		{EA008336-AA4C-3E8B-A9AA-FA41AE77F545}.Release|Any CPU.ActiveCfg = Release|Any CPU
		{EA008336-AA4C-3E8B-A9AA-FA41AE77F545}.Release|Any CPU.Build.0 = Release|Any CPU
		{7C97588B-BF77-2F28-B1DF-F08ACA3C6B73}.Debug|Any CPU.ActiveCfg = Debug|Any CPU
		{7C97588B-BF77-2F28-B1DF-F08ACA3C6B73}.Debug|Any CPU.Build.0 = Debug|Any CPU
		{7C97588B-BF77-2F28-B1DF-F08ACA3C6B73}.Release|Any CPU.ActiveCfg = Release|Any CPU
		{7C97588B-BF77-2F28-B1DF-F08ACA3C6B73}.Release|Any CPU.Build.0 = Release|Any CPU
	EndGlobalSection
	GlobalSection(SolutionProperties) = preSolution
		HideSolutionNode = FALSE
	EndGlobalSection
	GlobalSection(MonoDevelopProperties) = preSolution
		StartupItem = Assembly-CSharp.csproj
	EndGlobalSection
EndGlobal
